
Microsoft Visual Studio Solution File, Format Version 12.00
# Visual Studio Version 17
VisualStudioVersion = 17.0.31903.59
MinimumVisualStudioVersion = 10.0.40219.1
Project("{FAE04EC0-301F-11D3-BF4B-00C04F79EFBC}") = "Acme.Bookstore.Host", "Acme.Bookstore.Host\Acme.Bookstore.Host.csproj", "{5773F147-0749-4F51-AC8A-E30B896FFADB}"
EndProject
Project("{FAE04EC0-301F-11D3-BF4B-00C04F79EFBC}") = "Acme.Bookstore.Blazor", "Acme.Bookstore.Blazor\Acme.Bookstore.Blazor.csproj", "{192D4BE0-A74F-4249-A9AB-DEB224C46F63}"
EndProject
Project("{FAE04EC0-301F-11D3-BF4B-00C04F79EFBC}") = "Acme.Bookstore.Contracts", "Acme.Bookstore.Contracts\Acme.Bookstore.Contracts.csproj", "{613A8559-8E83-457F-9360-FC6A2FB06F95}"
EndProject
Global
	GlobalSection(SolutionConfigurationPlatforms) = preSolution
		Debug|Any CPU = Debug|Any CPU
		Release|Any CPU = Release|Any CPU
	EndGlobalSection
	GlobalSection(ProjectConfigurationPlatforms) = postSolution
		{5773F147-0749-4F51-AC8A-E30B896FFADB}.Debug|Any CPU.ActiveCfg = Debug|Any CPU
		{5773F147-0749-4F51-AC8A-E30B896FFADB}.Debug|Any CPU.Build.0 = Debug|Any CPU
		{5773F147-0749-4F51-AC8A-E30B896FFADB}.Release|Any CPU.ActiveCfg = Release|Any CPU
		{5773F147-0749-4F51-AC8A-E30B896FFADB}.Release|Any CPU.Build.0 = Release|Any CPU
		{192D4BE0-A74F-4249-A9AB-DEB224C46F63}.Debug|Any CPU.ActiveCfg = Debug|Any CPU
		{192D4BE0-A74F-4249-A9AB-DEB224C46F63}.Debug|Any CPU.Build.0 = Debug|Any CPU
		{192D4BE0-A74F-4249-A9AB-DEB224C46F63}.Release|Any CPU.ActiveCfg = Release|Any CPU
		{192D4BE0-A74F-4249-A9AB-DEB224C46F63}.Release|Any CPU.Build.0 = Release|Any CPU
		{613A8559-8E83-457F-9360-FC6A2FB06F95}.Debug|Any CPU.ActiveCfg = Debug|Any CPU
		{613A8559-8E83-457F-9360-FC6A2FB06F95}.Debug|Any CPU.Build.0 = Debug|Any CPU
		{613A8559-8E83-457F-9360-FC6A2FB06F95}.Release|Any CPU.ActiveCfg = Release|Any CPU
		{613A8559-8E83-457F-9360-FC6A2FB06F95}.Release|Any CPU.Build.0 = Release|Any CPU
	EndGlobalSection
	GlobalSection(SolutionProperties) = preSolution
		HideSolutionNode = FALSE
	EndGlobalSection
	GlobalSection(ExtensibilityGlobals) = postSolution
		SolutionGuid = {63E2660C-C1D9-4768-90FD-289F36581842}
	EndGlobalSection
EndGlobal
